
Microsoft Visual Studio Solution File, Format Version 12.00
# Blend for Visual Studio Version 16
VisualStudioVersion = 16.0.31829.152
MinimumVisualStudioVersion = 10.0.40219.1
Project("{FAE04EC0-301F-11D3-BF4B-00C04F79EFBC}") = "Task11-2WpfApp", "Task11-2WpfApp\Task11-2WpfApp.csproj", "{913E189A-F12D-458D-84B8-883FB3610020}"
EndProject
Global
	GlobalSection(SolutionConfigurationPlatforms) = preSolution
		Debug|Any CPU = Debug|Any CPU
		Release|Any CPU = Release|Any CPU
	EndGlobalSection
	GlobalSection(ProjectConfigurationPlatforms) = postSolution
		{913E189A-F12D-458D-84B8-883FB3610020}.Debug|Any CPU.ActiveCfg = Debug|Any CPU
		{913E189A-F12D-458D-84B8-883FB3610020}.Debug|Any CPU.Build.0 = Debug|Any CPU
		{913E189A-F12D-458D-84B8-883FB3610020}.Release|Any CPU.ActiveCfg = Release|Any CPU
		{913E189A-F12D-458D-84B8-883FB3610020}.Release|Any CPU.Build.0 = Release|Any CPU
	EndGlobalSection
	GlobalSection(SolutionProperties) = preSolution
		HideSolutionNode = FALSE
	EndGlobalSection
	GlobalSection(ExtensibilityGlobals) = postSolution
		SolutionGuid = {3CDF1741-128F-4C39-AD6A-7DB756A5B7A1}
	EndGlobalSection
EndGlobal
